{
  "name": "dtone-app",
  "version": "1.0.0",
  "lockfileVersion": 1,
  "requires": true,
  "dependencies": {
    "@fortawesome/fontawesome-common-types": {
      "version": "0.2.35",
      "resolved": "https://registry.npm.taobao.org/@fortawesome/fontawesome-common-types/download/@fortawesome/fontawesome-common-types-0.2.35.tgz",
      "integrity": "sha1-Ad09BU2gegC3ZNeHSN8g2vKzF+k="
    },
    "@fortawesome/free-solid-svg-icons": {
      "version": "5.15.3",
      "resolved": "https://registry.npm.taobao.org/@fortawesome/free-solid-svg-icons/download/@fortawesome/free-solid-svg-icons-5.15.3.tgz?cache=0&sync_timestamp=1615985254612&other_urls=https%3A%2F%2Fregistry.npm.taobao.org%2F%40fortawesome%2Ffree-solid-svg-icons%2Fdownload%2F%40fortawesome%2Ffree-solid-svg-icons-5.15.3.tgz",
      "integrity": "sha1-Uu6+NU9g3Hfgvek0/8XHX/0E+dg=",
      "requires": {
        "@fortawesome/fontawesome-common-types": "^0.2.35"
      }
    },
    "axios": {
      "version": "0.21.1",
      "resolved": "https://registry.npm.taobao.org/axios/download/axios-0.21.1.tgz?cache=0&sync_timestamp=1608611162952&other_urls=https%3A%2F%2Fregistry.npm.taobao.org%2Faxios%2Fdownload%2Faxios-0.21.1.tgz",
      "integrity": "sha1-IlY0gZYvTWvemnbVFu8OXTwJsrg=",
      "requires": {
        "follow-redirects": "^1.10.0"
      }
    },
    "axios-adapter-uniapp": {
      "version": "0.1.1",
      "resolved": "https://registry.nlark.com/axios-adapter-uniapp/download/axios-adapter-uniapp-0.1.1.tgz",
      "integrity": "sha1-aSZxZMA9PhFQXsgsQdv2ha1TtrU=",
      "requires": {
        "axios": "^0.20.0"
      },
      "dependencies": {
        "axios": {
          "version": "0.20.0",
          "resolved": "https://registry.npm.taobao.org/axios/download/axios-0.20.0.tgz?cache=0&sync_timestamp=1608611162952&other_urls=https%3A%2F%2Fregistry.npm.taobao.org%2Faxios%2Fdownload%2Faxios-0.20.0.tgz",
          "integrity": "sha1-BXujDwSIRpSZOozQf6OUz/EcUL0=",
          "requires": {
            "follow-redirects": "^1.10.0"
          }
        }
      }
    },
    "call-bind": {
      "version": "1.0.2",
      "resolved": "https://registry.npm.taobao.org/call-bind/download/call-bind-1.0.2.tgz?cache=0&sync_timestamp=1610403007655&other_urls=https%3A%2F%2Fregistry.npm.taobao.org%2Fcall-bind%2Fdownload%2Fcall-bind-1.0.2.tgz",
      "integrity": "sha1-sdTonmiBGcPJqQOtMKuy9qkZvjw=",
      "requires": {
        "function-bind": "^1.1.1",
        "get-intrinsic": "^1.0.2"
      }
    },
    "cookie-storage": {
      "version": "6.1.0",
      "resolved": "https://registry.nlark.com/cookie-storage/download/cookie-storage-6.1.0.tgz",
      "integrity": "sha1-KRsvZi2WG+RPmZYmWTQhy/zyN5A="
    },
    "copy-text-to-clipboard": {
      "version": "3.0.1",
      "resolved": "https://registry.npm.taobao.org/copy-text-to-clipboard/download/copy-text-to-clipboard-3.0.1.tgz",
      "integrity": "sha1-jL+PkOCkfxLkokdDc2Jl0Ve85pw="
    },
    "core-js": {
      "version": "3.15.2",
      "resolved": "https://registry.nlark.com/core-js/download/core-js-3.15.2.tgz?cache=0&sync_timestamp=1624966102256&other_urls=https%3A%2F%2Fregistry.nlark.com%2Fcore-js%2Fdownload%2Fcore-js-3.15.2.tgz",
      "integrity": "sha1-dAZg0v9V7zTOZk1+JFURnFvdPWE="
    },
    "follow-redirects": {
      "version": "1.14.1",
      "resolved": "https://registry.nlark.com/follow-redirects/download/follow-redirects-1.14.1.tgz?cache=0&sync_timestamp=1620555300559&other_urls=https%3A%2F%2Fregistry.nlark.com%2Ffollow-redirects%2Fdownload%2Ffollow-redirects-1.14.1.tgz",
      "integrity": "sha1-2RFN7Qoc/dM04WTmZirQK/2R/0M="
    },
    "function-bind": {
      "version": "1.1.1",
      "resolved": "https://registry.npm.taobao.org/function-bind/download/function-bind-1.1.1.tgz",
      "integrity": "sha1-pWiZ0+o8m6uHS7l3O3xe3pL0iV0="
    },
    "get-intrinsic": {
      "version": "1.1.1",
      "resolved": "https://registry.npm.taobao.org/get-intrinsic/download/get-intrinsic-1.1.1.tgz?cache=0&sync_timestamp=1612364352840&other_urls=https%3A%2F%2Fregistry.npm.taobao.org%2Fget-intrinsic%2Fdownload%2Fget-intrinsic-1.1.1.tgz",
      "integrity": "sha1-FfWfN2+FXERpY5SPDSTNNje0q8Y=",
      "requires": {
        "function-bind": "^1.1.1",
        "has": "^1.0.3",
        "has-symbols": "^1.0.1"
      }
    },
    "has": {
      "version": "1.0.3",
      "resolved": "https://registry.npm.taobao.org/has/download/has-1.0.3.tgz",
      "integrity": "sha1-ci18v8H2qoJB8W3YFOAR4fQeh5Y=",
      "requires": {
        "function-bind": "^1.1.1"
      }
    },
    "has-symbols": {
      "version": "1.0.2",
      "resolved": "https://registry.npm.taobao.org/has-symbols/download/has-symbols-1.0.2.tgz?cache=0&sync_timestamp=1614443577352&other_urls=https%3A%2F%2Fregistry.npm.taobao.org%2Fhas-symbols%2Fdownload%2Fhas-symbols-1.0.2.tgz",
      "integrity": "sha1-Fl0wcMADCXUqEjakeTMeOsVvFCM="
    },
    "js-base64": {
      "version": "2.6.4",
      "resolved": "https://registry.nlark.com/js-base64/download/js-base64-2.6.4.tgz?cache=0&sync_timestamp=1621703447855&other_urls=https%3A%2F%2Fregistry.nlark.com%2Fjs-base64%2Fdownload%2Fjs-base64-2.6.4.tgz",
      "integrity": "sha1-9OaGxd4eofhn28rT1G2WlCjfmMQ="
    },
    "mutation-observer": {
      "version": "1.0.3",
      "resolved": "https://registry.npm.taobao.org/mutation-observer/download/mutation-observer-1.0.3.tgz",
      "integrity": "sha1-QukiKxAbyoLlup1aes9KFMDyY9A="
    },
    "object-inspect": {
      "version": "1.11.0",
      "resolved": "https://registry.nlark.com/object-inspect/download/object-inspect-1.11.0.tgz",
      "integrity": "sha1-nc6xRs7dQUig2eUauI00z1CZIrE="
    },
    "qs": {
      "version": "6.10.1",
      "resolved": "https://registry.npm.taobao.org/qs/download/qs-6.10.1.tgz?cache=0&sync_timestamp=1616385328325&other_urls=https%3A%2F%2Fregistry.npm.taobao.org%2Fqs%2Fdownload%2Fqs-6.10.1.tgz",
      "integrity": "sha1-STFIL6jWR6Wqt5nFJx0hM7mB+2o=",
      "requires": {
        "side-channel": "^1.0.4"
      }
    },
    "side-channel": {
      "version": "1.0.4",
      "resolved": "https://registry.npm.taobao.org/side-channel/download/side-channel-1.0.4.tgz",
      "integrity": "sha1-785cj9wQTudRslxY1CkAEfpeos8=",
      "requires": {
        "call-bind": "^1.0.0",
        "get-intrinsic": "^1.0.2",
        "object-inspect": "^1.9.0"
      }
    },
    "svelte-fa": {
      "version": "2.2.1",
      "resolved": "https://registry.nlark.com/svelte-fa/download/svelte-fa-2.2.1.tgz?cache=0&sync_timestamp=1626420512203&other_urls=https%3A%2F%2Fregistry.nlark.com%2Fsvelte-fa%2Fdownload%2Fsvelte-fa-2.2.1.tgz",
      "integrity": "sha1-dDtWYs5ZRwW8jxbZnYTr+iPzJt0="
    },
    "vconsole": {
      "version": "3.9.0",
      "resolved": "https://registry.nlark.com/vconsole/download/vconsole-3.9.0.tgz?cache=0&sync_timestamp=1626420487586&other_urls=https%3A%2F%2Fregistry.nlark.com%2Fvconsole%2Fdownload%2Fvconsole-3.9.0.tgz",
      "integrity": "sha1-NCkzglyqSEiQY1rqz+cv/Cxy9g4=",
      "requires": {
        "@fortawesome/free-solid-svg-icons": "^5.15.3",
        "cookie-storage": "^6.1.0",
        "copy-text-to-clipboard": "^3.0.1",
        "core-js": "^3.11.0",
        "mutation-observer": "^1.0.3",
        "svelte-fa": "^2.2.1"
      }
    },
    "vue-infinite-scroll": {
      "version": "2.0.2",
      "resolved": "https://registry.npm.taobao.org/vue-infinite-scroll/download/vue-infinite-scroll-2.0.2.tgz",
      "integrity": "sha1-yjepH+ku4K07dKz4aCwAkXFEtxE="
    }
  }
}
